// !$*UTF8*$!
{
	archiveVersion = 1;
	classes = {
	};
	objectVersion = 56;
	objects = {

/* Begin PBXBuildFile section */
		2701EC56296EB3A300305633 /* AppDelegate.swift in Sources */ = {isa = PBXBuildFile; fileRef = 2701EC55296EB3A300305633 /* AppDelegate.swift */; };
		2701EC58296EB3A300305633 /* SceneDelegate.swift in Sources */ = {isa = PBXBuildFile; fileRef = 2701EC57296EB3A300305633 /* SceneDelegate.swift */; };
		2701EC5A296EB3A300305633 /* ViewController.swift in Sources */ = {isa = PBXBuildFile; fileRef = 2701EC59296EB3A300305633 /* ViewController.swift */; };
		2701EC5D296EB3A300305633 /* Main.storyboard in Resources */ = {isa = PBXBuildFile; fileRef = 2701EC5B296EB3A300305633 /* Main.storyboard */; };
		2701EC5F296EB3A300305633 /* Assets.xcassets in Resources */ = {isa = PBXBuildFile; fileRef = 2701EC5E296EB3A300305633 /* Assets.xcassets */; };
		2701EC62296EB3A300305633 /* LaunchScreen.storyboard in Resources */ = {isa = PBXBuildFile; fileRef = 2701EC60296EB3A300305633 /* LaunchScreen.storyboard */; };
		2701EC6D296EB3A400305633 /* assignment_week4_cookingmadnessTests.swift in Sources */ = {isa = PBXBuildFile; fileRef = 2701EC6C296EB3A400305633 /* assignment_week4_cookingmadnessTests.swift */; };
		2701EC77296EB3A400305633 /* assignment_week4_cookingmadnessUITests.swift in Sources */ = {isa = PBXBuildFile; fileRef = 2701EC76296EB3A400305633 /* assignment_week4_cookingmadnessUITests.swift */; };
		2701EC79296EB3A400305633 /* assignment_week4_cookingmadnessUITestsLaunchTests.swift in Sources */ = {isa = PBXBuildFile; fileRef = 2701EC78296EB3A400305633 /* assignment_week4_cookingmadnessUITestsLaunchTests.swift */; };
		2701EC93296ED16F00305633 /* burnt.png in Resources */ = {isa = PBXBuildFile; fileRef = 2701EC8E296ED16E00305633 /* burnt.png */; };
		2701EC95296ED16F00305633 /* goodmeat.png in Resources */ = {isa = PBXBuildFile; fileRef = 2701EC90296ED16F00305633 /* goodmeat.png */; };
		2701EC97296ED16F00305633 /* meat_with_lettuce.png in Resources */ = {isa = PBXBuildFile; fileRef = 2701EC92296ED16F00305633 /* meat_with_lettuce.png */; };
		2701EC99296FCF3C00305633 /* bubble.png in Resources */ = {isa = PBXBuildFile; fileRef = 2701EC98296FCF3C00305633 /* bubble.png */; };
		2701EC9C296FD1E100305633 /* plate_lm.png in Resources */ = {isa = PBXBuildFile; fileRef = 2701EC9A296FD1E100305633 /* plate_lm.png */; };
		2701EC9D296FD1E100305633 /* plate_m.png in Resources */ = {isa = PBXBuildFile; fileRef = 2701EC9B296FD1E100305633 /* plate_m.png */; };
		2701ECA1297020F000305633 /* timer_green.gif in Resources */ = {isa = PBXBuildFile; fileRef = 2701ECA0297020F000305633 /* timer_green.gif */; };
		2701ECA32970228100305633 /* meat_raw.png in Resources */ = {isa = PBXBuildFile; fileRef = 2701ECA22970228100305633 /* meat_raw.png */; };
		2701ECA52970236400305633 /* timerLoad.swift in Sources */ = {isa = PBXBuildFile; fileRef = 2701ECA42970236400305633 /* timerLoad.swift */; };
		2701ECA729702AB400305633 /* realRaw.png in Resources */ = {isa = PBXBuildFile; fileRef = 2701ECA629702AB400305633 /* realRaw.png */; };
		2701ECAB29704C8B00305633 /* madman.png in Resources */ = {isa = PBXBuildFile; fileRef = 2701ECAA29704C8B00305633 /* madman.png */; };
		2701ECAD29705C4F00305633 /* man1.png in Resources */ = {isa = PBXBuildFile; fileRef = 2701ECAC29705C4F00305633 /* man1.png */; };
		2701ECB12970FAA500305633 /* background.png in Resources */ = {isa = PBXBuildFile; fileRef = 2701ECB02970FAA500305633 /* background.png */; };
		2701ECBB2971027900305633 /* smile_woman.png in Resources */ = {isa = PBXBuildFile; fileRef = 2701ECB82971027900305633 /* smile_woman.png */; };
		2701ECBC2971027900305633 /* angry_woman.png in Resources */ = {isa = PBXBuildFile; fileRef = 2701ECB92971027900305633 /* angry_woman.png */; };
		2701ECBD2971027900305633 /* sad_woman.png in Resources */ = {isa = PBXBuildFile; fileRef = 2701ECBA2971027900305633 /* sad_woman.png */; };
		2701ECBF2971031A00305633 /* bubble_w.png in Resources */ = {isa = PBXBuildFile; fileRef = 2701ECBE2971031A00305633 /* bubble_w.png */; };
		2701ECC3297113D400305633 /* beer2.jpeg in Resources */ = {isa = PBXBuildFile; fileRef = 2701ECC1297113D400305633 /* beer2.jpeg */; };
		2701ECC52971141500305633 /* beer3.png in Resources */ = {isa = PBXBuildFile; fileRef = 2701ECC42971141500305633 /* beer3.png */; };
		2701ECC72971153600305633 /* beer.png in Resources */ = {isa = PBXBuildFile; fileRef = 2701ECC62971153600305633 /* beer.png */; };
		2701ECC92971182F00305633 /* check.png in Resources */ = {isa = PBXBuildFile; fileRef = 2701ECC82971182F00305633 /* check.png */; };
		2701ECCF2971296500305633 /* gameStartViewController.swift in Sources */ = {isa = PBXBuildFile; fileRef = 2701ECCE2971296500305633 /* gameStartViewController.swift */; };
		2701ECD129712D1100305633 /* startgame.png in Resources */ = {isa = PBXBuildFile; fileRef = 2701ECD029712D1100305633 /* startgame.png */; };
		2701ECD32971336400305633 /* launchscreen_cm.PNG in Resources */ = {isa = PBXBuildFile; fileRef = 2701ECD22971336400305633 /* launchscreen_cm.PNG */; };
		2701ECD529713CE700305633 /* failViewController.swift in Sources */ = {isa = PBXBuildFile; fileRef = 2701ECD429713CE700305633 /* failViewController.swift */; };
		2701ECD729713D0C00305633 /* succeedViewController.swift in Sources */ = {isa = PBXBuildFile; fileRef = 2701ECD629713D0C00305633 /* succeedViewController.swift */; };
		2701ECDA29713EF000305633 /* gameover.png in Resources */ = {isa = PBXBuildFile; fileRef = 2701ECD829713EF000305633 /* gameover.png */; };
		2701ECDB29713EF000305633 /* succeed.png in Resources */ = {isa = PBXBuildFile; fileRef = 2701ECD929713EF000305633 /* succeed.png */; };
		2701ECDD29713F3200305633 /* cong.png in Resources */ = {isa = PBXBuildFile; fileRef = 2701ECDC29713F3200305633 /* cong.png */; };
/* End PBXBuildFile section */

/* Begin PBXContainerItemProxy section */
		2701EC69296EB3A400305633 /* PBXContainerItemProxy */ = {
			isa = PBXContainerItemProxy;
			containerPortal = 2701EC4A296EB3A300305633 /* Project object */;
			proxyType = 1;
			remoteGlobalIDString = 2701EC51296EB3A300305633;
			remoteInfo = assignment_week4_cookingmadness;
		};
		2701EC73296EB3A400305633 /* PBXContainerItemProxy */ = {
			isa = PBXContainerItemProxy;
			containerPortal = 2701EC4A296EB3A300305633 /* Project object */;
			proxyType = 1;
			remoteGlobalIDString = 2701EC51296EB3A300305633;
			remoteInfo = assignment_week4_cookingmadness;
		};
/* End PBXContainerItemProxy section */

/* Begin PBXFileReference section */
		2701EC52296EB3A300305633 /* assignment_week4_cookingmadness.app */ = {isa = PBXFileReference; explicitFileType = wrapper.application; includeInIndex = 0; path = assignment_week4_cookingmadness.app; sourceTree = BUILT_PRODUCTS_DIR; };
		2701EC55296EB3A300305633 /* AppDelegate.swift */ = {isa = PBXFileReference; lastKnownFileType = sourcecode.swift; path = AppDelegate.swift; sourceTree = "<group>"; };
		2701EC57296EB3A300305633 /* SceneDelegate.swift */ = {isa = PBXFileReference; lastKnownFileType = sourcecode.swift; path = SceneDelegate.swift; sourceTree = "<group>"; };
		2701EC59296EB3A300305633 /* ViewController.swift */ = {isa = PBXFileReference; lastKnownFileType = sourcecode.swift; path = ViewController.swift; sourceTree = "<group>"; };
		2701EC5C296EB3A300305633 /* Base */ = {isa = PBXFileReference; lastKnownFileType = file.storyboard; name = Base; path = Base.lproj/Main.storyboard; sourceTree = "<group>"; };
		2701EC5E296EB3A300305633 /* Assets.xcassets */ = {isa = PBXFileReference; lastKnownFileType = folder.assetcatalog; path = Assets.xcassets; sourceTree = "<group>"; };
		2701EC61296EB3A300305633 /* Base */ = {isa = PBXFileReference; lastKnownFileType = file.storyboard; name = Base; path = Base.lproj/LaunchScreen.storyboard; sourceTree = "<group>"; };
		2701EC63296EB3A300305633 /* Info.plist */ = {isa = PBXFileReference; lastKnownFileType = text.plist.xml; path = Info.plist; sourceTree = "<group>"; };
		2701EC68296EB3A400305633 /* assignment_week4_cookingmadnessTests.xctest */ = {isa = PBXFileReference; explicitFileType = wrapper.cfbundle; includeInIndex = 0; path = assignment_week4_cookingmadnessTests.xctest; sourceTree = BUILT_PRODUCTS_DIR; };
		2701EC6C296EB3A400305633 /* assignment_week4_cookingmadnessTests.swift */ = {isa = PBXFileReference; lastKnownFileType = sourcecode.swift; path = assignment_week4_cookingmadnessTests.swift; sourceTree = "<group>"; };
		2701EC72296EB3A400305633 /* assignment_week4_cookingmadnessUITests.xctest */ = {isa = PBXFileReference; explicitFileType = wrapper.cfbundle; includeInIndex = 0; path = assignment_week4_cookingmadnessUITests.xctest; sourceTree = BUILT_PRODUCTS_DIR; };
		2701EC76296EB3A400305633 /* assignment_week4_cookingmadnessUITests.swift */ = {isa = PBXFileReference; lastKnownFileType = sourcecode.swift; path = assignment_week4_cookingmadnessUITests.swift; sourceTree = "<group>"; };
		2701EC78296EB3A400305633 /* assignment_week4_cookingmadnessUITestsLaunchTests.swift */ = {isa = PBXFileReference; lastKnownFileType = sourcecode.swift; path = assignment_week4_cookingmadnessUITestsLaunchTests.swift; sourceTree = "<group>"; };
		2701EC8E296ED16E00305633 /* burnt.png */ = {isa = PBXFileReference; lastKnownFileType = image.png; path = burnt.png; sourceTree = "<group>"; };
		2701EC90296ED16F00305633 /* goodmeat.png */ = {isa = PBXFileReference; lastKnownFileType = image.png; path = goodmeat.png; sourceTree = "<group>"; };
		2701EC92296ED16F00305633 /* meat_with_lettuce.png */ = {isa = PBXFileReference; lastKnownFileType = image.png; path = meat_with_lettuce.png; sourceTree = "<group>"; };
		2701EC98296FCF3C00305633 /* bubble.png */ = {isa = PBXFileReference; lastKnownFileType = image.png; path = bubble.png; sourceTree = "<group>"; };
		2701EC9A296FD1E100305633 /* plate_lm.png */ = {isa = PBXFileReference; lastKnownFileType = image.png; path = plate_lm.png; sourceTree = "<group>"; };
		2701EC9B296FD1E100305633 /* plate_m.png */ = {isa = PBXFileReference; lastKnownFileType = image.png; path = plate_m.png; sourceTree = "<group>"; };
		2701ECA0297020F000305633 /* timer_green.gif */ = {isa = PBXFileReference; lastKnownFileType = image.gif; path = timer_green.gif; sourceTree = "<group>"; };
		2701ECA22970228100305633 /* meat_raw.png */ = {isa = PBXFileReference; lastKnownFileType = image.png; path = meat_raw.png; sourceTree = "<group>"; };
		2701ECA42970236400305633 /* timerLoad.swift */ = {isa = PBXFileReference; lastKnownFileType = sourcecode.swift; path = timerLoad.swift; sourceTree = "<group>"; };
		2701ECA629702AB400305633 /* realRaw.png */ = {isa = PBXFileReference; lastKnownFileType = image.png; path = realRaw.png; sourceTree = "<group>"; };
		2701ECAA29704C8B00305633 /* madman.png */ = {isa = PBXFileReference; lastKnownFileType = image.png; path = madman.png; sourceTree = "<group>"; };
		2701ECAC29705C4F00305633 /* man1.png */ = {isa = PBXFileReference; lastKnownFileType = image.png; path = man1.png; sourceTree = "<group>"; };
		2701ECB02970FAA500305633 /* background.png */ = {isa = PBXFileReference; lastKnownFileType = image.png; path = background.png; sourceTree = "<group>"; };
		2701ECB82971027900305633 /* smile_woman.png */ = {isa = PBXFileReference; lastKnownFileType = image.png; path = smile_woman.png; sourceTree = "<group>"; };
		2701ECB92971027900305633 /* angry_woman.png */ = {isa = PBXFileReference; lastKnownFileType = image.png; path = angry_woman.png; sourceTree = "<group>"; };
		2701ECBA2971027900305633 /* sad_woman.png */ = {isa = PBXFileReference; lastKnownFileType = image.png; path = sad_woman.png; sourceTree = "<group>"; };
		2701ECBE2971031A00305633 /* bubble_w.png */ = {isa = PBXFileReference; lastKnownFileType = image.png; path = bubble_w.png; sourceTree = "<group>"; };
		2701ECC1297113D400305633 /* beer2.jpeg */ = {isa = PBXFileReference; lastKnownFileType = image.jpeg; path = beer2.jpeg; sourceTree = "<group>"; };
		2701ECC42971141500305633 /* beer3.png */ = {isa = PBXFileReference; lastKnownFileType = image.png; path = beer3.png; sourceTree = "<group>"; };
		2701ECC62971153600305633 /* beer.png */ = {isa = PBXFileReference; lastKnownFileType = image.png; path = beer.png; sourceTree = "<group>"; };
		2701ECC82971182F00305633 /* check.png */ = {isa = PBXFileReference; lastKnownFileType = image.png; path = check.png; sourceTree = "<group>"; };
		2701ECCE2971296500305633 /* gameStartViewController.swift */ = {isa = PBXFileReference; lastKnownFileType = sourcecode.swift; path = gameStartViewController.swift; sourceTree = "<group>"; };
		2701ECD029712D1100305633 /* startgame.png */ = {isa = PBXFileReference; lastKnownFileType = image.png; path = startgame.png; sourceTree = "<group>"; };
		2701ECD22971336400305633 /* launchscreen_cm.PNG */ = {isa = PBXFileReference; lastKnownFileType = image.png; path = launchscreen_cm.PNG; sourceTree = "<group>"; };
		2701ECD429713CE700305633 /* failViewController.swift */ = {isa = PBXFileReference; lastKnownFileType = sourcecode.swift; path = failViewController.swift; sourceTree = "<group>"; };
		2701ECD629713D0C00305633 /* succeedViewController.swift */ = {isa = PBXFileReference; lastKnownFileType = sourcecode.swift; path = succeedViewController.swift; sourceTree = "<group>"; };
		2701ECD829713EF000305633 /* gameover.png */ = {isa = PBXFileReference; lastKnownFileType = image.png; path = gameover.png; sourceTree = "<group>"; };
		2701ECD929713EF000305633 /* succeed.png */ = {isa = PBXFileReference; lastKnownFileType = image.png; path = succeed.png; sourceTree = "<group>"; };
		2701ECDC29713F3200305633 /* cong.png */ = {isa = PBXFileReference; lastKnownFileType = image.png; path = cong.png; sourceTree = "<group>"; };
/* End PBXFileReference section */

/* Begin PBXFrameworksBuildPhase section */
		2701EC4F296EB3A300305633 /* Frameworks */ = {
			isa = PBXFrameworksBuildPhase;
			buildActionMask = 2147483647;
			files = (
			);
			runOnlyForDeploymentPostprocessing = 0;
		};
		2701EC65296EB3A400305633 /* Frameworks */ = {
			isa = PBXFrameworksBuildPhase;
			buildActionMask = 2147483647;
			files = (
			);
			runOnlyForDeploymentPostprocessing = 0;
		};
		2701EC6F296EB3A400305633 /* Frameworks */ = {
			isa = PBXFrameworksBuildPhase;
			buildActionMask = 2147483647;
			files = (
			);
			runOnlyForDeploymentPostprocessing = 0;
		};
/* End PBXFrameworksBuildPhase section */

/* Begin PBXGroup section */
		2701EC49296EB3A300305633 = {
			isa = PBXGroup;
			children = (
				2701EC54296EB3A300305633 /* assignment_week4_cookingmadness */,
				2701EC6B296EB3A400305633 /* assignment_week4_cookingmadnessTests */,
				2701EC75296EB3A400305633 /* assignment_week4_cookingmadnessUITests */,
				2701EC53296EB3A300305633 /* Products */,
			);
			sourceTree = "<group>";
		};
		2701EC53296EB3A300305633 /* Products */ = {
			isa = PBXGroup;
			children = (
				2701EC52296EB3A300305633 /* assignment_week4_cookingmadness.app */,
				2701EC68296EB3A400305633 /* assignment_week4_cookingmadnessTests.xctest */,
				2701EC72296EB3A400305633 /* assignment_week4_cookingmadnessUITests.xctest */,
			);
			name = Products;
			sourceTree = "<group>";
		};
		2701EC54296EB3A300305633 /* assignment_week4_cookingmadness */ = {
			isa = PBXGroup;
			children = (
				2701ECDE2971445D00305633 /* ViewController */,
				2701EC85296EC4EC00305633 /* image */,
				2701EC55296EB3A300305633 /* AppDelegate.swift */,
				2701EC57296EB3A300305633 /* SceneDelegate.swift */,
				2701EC5B296EB3A300305633 /* Main.storyboard */,
				2701EC5E296EB3A300305633 /* Assets.xcassets */,
				2701EC60296EB3A300305633 /* LaunchScreen.storyboard */,
				2701EC63296EB3A300305633 /* Info.plist */,
				2701ECA42970236400305633 /* timerLoad.swift */,
			);
			path = assignment_week4_cookingmadness;
			sourceTree = "<group>";
		};
		2701EC6B296EB3A400305633 /* assignment_week4_cookingmadnessTests */ = {
			isa = PBXGroup;
			children = (
				2701EC6C296EB3A400305633 /* assignment_week4_cookingmadnessTests.swift */,
			);
			path = assignment_week4_cookingmadnessTests;
			sourceTree = "<group>";
		};
		2701EC75296EB3A400305633 /* assignment_week4_cookingmadnessUITests */ = {
			isa = PBXGroup;
			children = (
				2701EC76296EB3A400305633 /* assignment_week4_cookingmadnessUITests.swift */,
				2701EC78296EB3A400305633 /* assignment_week4_cookingmadnessUITestsLaunchTests.swift */,
			);
			path = assignment_week4_cookingmadnessUITests;
			sourceTree = "<group>";
		};
		2701EC85296EC4EC00305633 /* image */ = {
			isa = PBXGroup;
			children = (
				2701ECB92971027900305633 /* angry_woman.png */,
				2701ECBA2971027900305633 /* sad_woman.png */,
				2701ECB82971027900305633 /* smile_woman.png */,
				2701ECB02970FAA500305633 /* background.png */,
				2701ECA629702AB400305633 /* realRaw.png */,
				2701ECA22970228100305633 /* meat_raw.png */,
				2701EC9A296FD1E100305633 /* plate_lm.png */,
				2701EC9B296FD1E100305633 /* plate_m.png */,
				2701EC8E296ED16E00305633 /* burnt.png */,
				2701EC90296ED16F00305633 /* goodmeat.png */,
				2701EC92296ED16F00305633 /* meat_with_lettuce.png */,
				2701ECAC29705C4F00305633 /* man1.png */,
				2701EC98296FCF3C00305633 /* bubble.png */,
				2701ECA0297020F000305633 /* timer_green.gif */,
				2701ECAA29704C8B00305633 /* madman.png */,
				2701ECBE2971031A00305633 /* bubble_w.png */,
				2701ECC1297113D400305633 /* beer2.jpeg */,
				2701ECC42971141500305633 /* beer3.png */,
				2701ECC62971153600305633 /* beer.png */,
				2701ECC82971182F00305633 /* check.png */,
				2701ECD029712D1100305633 /* startgame.png */,
				2701ECD22971336400305633 /* launchscreen_cm.PNG */,
				2701ECD829713EF000305633 /* gameover.png */,
				2701ECD929713EF000305633 /* succeed.png */,
				2701ECDC29713F3200305633 /* cong.png */,
			);
			path = image;
			sourceTree = "<group>";
		};
		2701ECDE2971445D00305633 /* ViewController */ = {
			isa = PBXGroup;
			children = (
				2701EC59296EB3A300305633 /* ViewController.swift */,
				2701ECCE2971296500305633 /* gameStartViewController.swift */,
				2701ECD629713D0C00305633 /* succeedViewController.swift */,
				2701ECD429713CE700305633 /* failViewController.swift */,
			);
			path = ViewController;
			sourceTree = "<group>";
		};
/* End PBXGroup section */

/* Begin PBXNativeTarget section */
		2701EC51296EB3A300305633 /* assignment_week4_cookingmadness */ = {
			isa = PBXNativeTarget;
			buildConfigurationList = 2701EC7C296EB3A400305633 /* Build configuration list for PBXNativeTarget "assignment_week4_cookingmadness" */;
			buildPhases = (
				2701EC4E296EB3A300305633 /* Sources */,
				2701EC4F296EB3A300305633 /* Frameworks */,
				2701EC50296EB3A300305633 /* Resources */,
			);
			buildRules = (
			);
			dependencies = (
			);
			name = assignment_week4_cookingmadness;
			productName = assignment_week4_cookingmadness;
			productReference = 2701EC52296EB3A300305633 /* assignment_week4_cookingmadness.app */;
			productType = "com.apple.product-type.application";
		};
		2701EC67296EB3A400305633 /* assignment_week4_cookingmadnessTests */ = {
			isa = PBXNativeTarget;
			buildConfigurationList = 2701EC7F296EB3A400305633 /* Build configuration list for PBXNativeTarget "assignment_week4_cookingmadnessTests" */;
			buildPhases = (
				2701EC64296EB3A400305633 /* Sources */,
				2701EC65296EB3A400305633 /* Frameworks */,
				2701EC66296EB3A400305633 /* Resources */,
			);
			buildRules = (
			);
			dependencies = (
				2701EC6A296EB3A400305633 /* PBXTargetDependency */,
			);
			name = assignment_week4_cookingmadnessTests;
			productName = assignment_week4_cookingmadnessTests;
			productReference = 2701EC68296EB3A400305633 /* assignment_week4_cookingmadnessTests.xctest */;
			productType = "com.apple.product-type.bundle.unit-test";
		};
		2701EC71296EB3A400305633 /* assignment_week4_cookingmadnessUITests */ = {
			isa = PBXNativeTarget;
			buildConfigurationList = 2701EC82296EB3A400305633 /* Build configuration list for PBXNativeTarget "assignment_week4_cookingmadnessUITests" */;
			buildPhases = (
				2701EC6E296EB3A400305633 /* Sources */,
				2701EC6F296EB3A400305633 /* Frameworks */,
				2701EC70296EB3A400305633 /* Resources */,
			);
			buildRules = (
			);
			dependencies = (
				2701EC74296EB3A400305633 /* PBXTargetDependency */,
			);
			name = assignment_week4_cookingmadnessUITests;
			productName = assignment_week4_cookingmadnessUITests;
			productReference = 2701EC72296EB3A400305633 /* assignment_week4_cookingmadnessUITests.xctest */;
			productType = "com.apple.product-type.bundle.ui-testing";
		};
/* End PBXNativeTarget section */

/* Begin PBXProject section */
		2701EC4A296EB3A300305633 /* Project object */ = {
			isa = PBXProject;
			attributes = {
				BuildIndependentTargetsInParallel = 1;
				LastSwiftUpdateCheck = 1420;
				LastUpgradeCheck = 1420;
				TargetAttributes = {
					2701EC51296EB3A300305633 = {
						CreatedOnToolsVersion = 14.2;
					};
					2701EC67296EB3A400305633 = {
						CreatedOnToolsVersion = 14.2;
						TestTargetID = 2701EC51296EB3A300305633;
					};
					2701EC71296EB3A400305633 = {
						CreatedOnToolsVersion = 14.2;
						TestTargetID = 2701EC51296EB3A300305633;
					};
				};
			};
			buildConfigurationList = 2701EC4D296EB3A300305633 /* Build configuration list for PBXProject "assignment_week4_cookingmadness" */;
			compatibilityVersion = "Xcode 14.0";
			developmentRegion = en;
			hasScannedForEncodings = 0;
			knownRegions = (
				en,
				Base,
			);
			mainGroup = 2701EC49296EB3A300305633;
			productRefGroup = 2701EC53296EB3A300305633 /* Products */;
			projectDirPath = "";
			projectRoot = "";
			targets = (
				2701EC51296EB3A300305633 /* assignment_week4_cookingmadness */,
				2701EC67296EB3A400305633 /* assignment_week4_cookingmadnessTests */,
				2701EC71296EB3A400305633 /* assignment_week4_cookingmadnessUITests */,
			);
		};
/* End PBXProject section */

/* Begin PBXResourcesBuildPhase section */
		2701EC50296EB3A300305633 /* Resources */ = {
			isa = PBXResourcesBuildPhase;
			buildActionMask = 2147483647;
			files = (
				2701EC95296ED16F00305633 /* goodmeat.png in Resources */,
				2701ECBF2971031A00305633 /* bubble_w.png in Resources */,
				2701ECB12970FAA500305633 /* background.png in Resources */,
				2701EC9C296FD1E100305633 /* plate_lm.png in Resources */,
				2701ECDB29713EF000305633 /* succeed.png in Resources */,
				2701ECC52971141500305633 /* beer3.png in Resources */,
				2701EC62296EB3A300305633 /* LaunchScreen.storyboard in Resources */,
				2701ECBD2971027900305633 /* sad_woman.png in Resources */,
				2701ECBB2971027900305633 /* smile_woman.png in Resources */,
				2701EC93296ED16F00305633 /* burnt.png in Resources */,
				2701EC99296FCF3C00305633 /* bubble.png in Resources */,
				2701ECBC2971027900305633 /* angry_woman.png in Resources */,
				2701EC5F296EB3A300305633 /* Assets.xcassets in Resources */,
				2701ECA32970228100305633 /* meat_raw.png in Resources */,
				2701ECC3297113D400305633 /* beer2.jpeg in Resources */,
				2701ECAD29705C4F00305633 /* man1.png in Resources */,
				2701EC5D296EB3A300305633 /* Main.storyboard in Resources */,
				2701ECD129712D1100305633 /* startgame.png in Resources */,
				2701ECA729702AB400305633 /* realRaw.png in Resources */,
				2701ECC92971182F00305633 /* check.png in Resources */,
				2701ECAB29704C8B00305633 /* madman.png in Resources */,
				2701EC9D296FD1E100305633 /* plate_m.png in Resources */,
				2701ECDD29713F3200305633 /* cong.png in Resources */,
				2701ECDA29713EF000305633 /* gameover.png in Resources */,
				2701ECA1297020F000305633 /* timer_green.gif in Resources */,
				2701ECD32971336400305633 /* launchscreen_cm.PNG in Resources */,
				2701EC97296ED16F00305633 /* meat_with_lettuce.png in Resources */,
				2701ECC72971153600305633 /* beer.png in Resources */,
			);
			runOnlyForDeploymentPostprocessing = 0;
		};
		2701EC66296EB3A400305633 /* Resources */ = {
			isa = PBXResourcesBuildPhase;
			buildActionMask = 2147483647;
			files = (
			);
			runOnlyForDeploymentPostprocessing = 0;
		};
		2701EC70296EB3A400305633 /* Resources */ = {
			isa = PBXResourcesBuildPhase;
			buildActionMask = 2147483647;
			files = (
			);
			runOnlyForDeploymentPostprocessing = 0;
		};
/* End PBXResourcesBuildPhase section */

/* Begin PBXSourcesBuildPhase section */
		2701EC4E296EB3A300305633 /* Sources */ = {
			isa = PBXSourcesBuildPhase;
			buildActionMask = 2147483647;
			files = (
				2701ECD529713CE700305633 /* failViewController.swift in Sources */,
				2701EC5A296EB3A300305633 /* ViewController.swift in Sources */,
				2701ECCF2971296500305633 /* gameStartViewController.swift in Sources */,
				2701ECD729713D0C00305633 /* succeedViewController.swift in Sources */,
				2701EC56296EB3A300305633 /* AppDelegate.swift in Sources */,
				2701EC58296EB3A300305633 /* SceneDelegate.swift in Sources */,
				2701ECA52970236400305633 /* timerLoad.swift in Sources */,
			);
			runOnlyForDeploymentPostprocessing = 0;
		};
		2701EC64296EB3A400305633 /* Sources */ = {
			isa = PBXSourcesBuildPhase;
			buildActionMask = 2147483647;
			files = (
				2701EC6D296EB3A400305633 /* assignment_week4_cookingmadnessTests.swift in Sources */,
			);
			runOnlyForDeploymentPostprocessing = 0;
		};
		2701EC6E296EB3A400305633 /* Sources */ = {
			isa = PBXSourcesBuildPhase;
			buildActionMask = 2147483647;
			files = (
				2701EC77296EB3A400305633 /* assignment_week4_cookingmadnessUITests.swift in Sources */,
				2701EC79296EB3A400305633 /* assignment_week4_cookingmadnessUITestsLaunchTests.swift in Sources */,
			);
			runOnlyForDeploymentPostprocessing = 0;
		};
/* End PBXSourcesBuildPhase section */

/* Begin PBXTargetDependency section */
		2701EC6A296EB3A400305633 /* PBXTargetDependency */ = {
			isa = PBXTargetDependency;
			target = 2701EC51296EB3A300305633 /* assignment_week4_cookingmadness */;
			targetProxy = 2701EC69296EB3A400305633 /* PBXContainerItemProxy */;
		};
		2701EC74296EB3A400305633 /* PBXTargetDependency */ = {
			isa = PBXTargetDependency;
			target = 2701EC51296EB3A300305633 /* assignment_week4_cookingmadness */;
			targetProxy = 2701EC73296EB3A400305633 /* PBXContainerItemProxy */;
		};
/* End PBXTargetDependency section */

/* Begin PBXVariantGroup section */
		2701EC5B296EB3A300305633 /* Main.storyboard */ = {
			isa = PBXVariantGroup;
			children = (
				2701EC5C296EB3A300305633 /* Base */,
			);
			name = Main.storyboard;
			sourceTree = "<group>";
		};
		2701EC60296EB3A300305633 /* LaunchScreen.storyboard */ = {
			isa = PBXVariantGroup;
			children = (
				2701EC61296EB3A300305633 /* Base */,
			);
			name = LaunchScreen.storyboard;
			sourceTree = "<group>";
		};
/* End PBXVariantGroup section */

/* Begin XCBuildConfiguration section */
		2701EC7A296EB3A400305633 /* Debug */ = {
			isa = XCBuildConfiguration;
			buildSettings = {
				ALWAYS_SEARCH_USER_PATHS = NO;
				CLANG_ANALYZER_NONNULL = YES;
				CLANG_ANALYZER_NUMBER_OBJECT_CONVERSION = YES_AGGRESSIVE;
				CLANG_CXX_LANGUAGE_STANDARD = "gnu++20";
				CLANG_ENABLE_MODULES = YES;
				CLANG_ENABLE_OBJC_ARC = YES;
				CLANG_ENABLE_OBJC_WEAK = YES;
				CLANG_WARN_BLOCK_CAPTURE_AUTORELEASING = YES;
				CLANG_WARN_BOOL_CONVERSION = YES;
				CLANG_WARN_COMMA = YES;
				CLANG_WARN_CONSTANT_CONVERSION = YES;
				CLANG_WARN_DEPRECATED_OBJC_IMPLEMENTATIONS = YES;
				CLANG_WARN_DIRECT_OBJC_ISA_USAGE = YES_ERROR;
				CLANG_WARN_DOCUMENTATION_COMMENTS = YES;
				CLANG_WARN_EMPTY_BODY = YES;
				CLANG_WARN_ENUM_CONVERSION = YES;
				CLANG_WARN_INFINITE_RECURSION = YES;
				CLANG_WARN_INT_CONVERSION = YES;
				CLANG_WARN_NON_LITERAL_NULL_CONVERSION = YES;
				CLANG_WARN_OBJC_IMPLICIT_RETAIN_SELF = YES;
				CLANG_WARN_OBJC_LITERAL_CONVERSION = YES;
				CLANG_WARN_OBJC_ROOT_CLASS = YES_ERROR;
				CLANG_WARN_QUOTED_INCLUDE_IN_FRAMEWORK_HEADER = YES;
				CLANG_WARN_RANGE_LOOP_ANALYSIS = YES;
				CLANG_WARN_STRICT_PROTOTYPES = YES;
				CLANG_WARN_SUSPICIOUS_MOVE = YES;
				CLANG_WARN_UNGUARDED_AVAILABILITY = YES_AGGRESSIVE;
				CLANG_WARN_UNREACHABLE_CODE = YES;
				CLANG_WARN__DUPLICATE_METHOD_MATCH = YES;
				COPY_PHASE_STRIP = NO;
				DEBUG_INFORMATION_FORMAT = dwarf;
				ENABLE_STRICT_OBJC_MSGSEND = YES;
				ENABLE_TESTABILITY = YES;
				GCC_C_LANGUAGE_STANDARD = gnu11;
				GCC_DYNAMIC_NO_PIC = NO;
				GCC_NO_COMMON_BLOCKS = YES;
				GCC_OPTIMIZATION_LEVEL = 0;
				GCC_PREPROCESSOR_DEFINITIONS = (
					"DEBUG=1",
					"$(inherited)",
				);
				GCC_WARN_64_TO_32_BIT_CONVERSION = YES;
				GCC_WARN_ABOUT_RETURN_TYPE = YES_ERROR;
				GCC_WARN_UNDECLARED_SELECTOR = YES;
				GCC_WARN_UNINITIALIZED_AUTOS = YES_AGGRESSIVE;
				GCC_WARN_UNUSED_FUNCTION = YES;
				GCC_WARN_UNUSED_VARIABLE = YES;
				IPHONEOS_DEPLOYMENT_TARGET = 16.2;
				MTL_ENABLE_DEBUG_INFO = INCLUDE_SOURCE;
				MTL_FAST_MATH = YES;
				ONLY_ACTIVE_ARCH = YES;
				SDKROOT = iphoneos;
				SWIFT_ACTIVE_COMPILATION_CONDITIONS = DEBUG;
				SWIFT_OPTIMIZATION_LEVEL = "-Onone";
			};
			name = Debug;
		};
		2701EC7B296EB3A400305633 /* Release */ = {
			isa = XCBuildConfiguration;
			buildSettings = {
				ALWAYS_SEARCH_USER_PATHS = NO;
				CLANG_ANALYZER_NONNULL = YES;
				CLANG_ANALYZER_NUMBER_OBJECT_CONVERSION = YES_AGGRESSIVE;
				CLANG_CXX_LANGUAGE_STANDARD = "gnu++20";
				CLANG_ENABLE_MODULES = YES;
				CLANG_ENABLE_OBJC_ARC = YES;
				CLANG_ENABLE_OBJC_WEAK = YES;
				CLANG_WARN_BLOCK_CAPTURE_AUTORELEASING = YES;
				CLANG_WARN_BOOL_CONVERSION = YES;
				CLANG_WARN_COMMA = YES;
				CLANG_WARN_CONSTANT_CONVERSION = YES;
				CLANG_WARN_DEPRECATED_OBJC_IMPLEMENTATIONS = YES;
				CLANG_WARN_DIRECT_OBJC_ISA_USAGE = YES_ERROR;
				CLANG_WARN_DOCUMENTATION_COMMENTS = YES;
				CLANG_WARN_EMPTY_BODY = YES;
				CLANG_WARN_ENUM_CONVERSION = YES;
				CLANG_WARN_INFINITE_RECURSION = YES;
				CLANG_WARN_INT_CONVERSION = YES;
				CLANG_WARN_NON_LITERAL_NULL_CONVERSION = YES;
				CLANG_WARN_OBJC_IMPLICIT_RETAIN_SELF = YES;
				CLANG_WARN_OBJC_LITERAL_CONVERSION = YES;
				CLANG_WARN_OBJC_ROOT_CLASS = YES_ERROR;
				CLANG_WARN_QUOTED_INCLUDE_IN_FRAMEWORK_HEADER = YES;
				CLANG_WARN_RANGE_LOOP_ANALYSIS = YES;
				CLANG_WARN_STRICT_PROTOTYPES = YES;
				CLANG_WARN_SUSPICIOUS_MOVE = YES;
				CLANG_WARN_UNGUARDED_AVAILABILITY = YES_AGGRESSIVE;
				CLANG_WARN_UNREACHABLE_CODE = YES;
				CLANG_WARN__DUPLICATE_METHOD_MATCH = YES;
				COPY_PHASE_STRIP = NO;
				DEBUG_INFORMATION_FORMAT = "dwarf-with-dsym";
				ENABLE_NS_ASSERTIONS = NO;
				ENABLE_STRICT_OBJC_MSGSEND = YES;
				GCC_C_LANGUAGE_STANDARD = gnu11;
				GCC_NO_COMMON_BLOCKS = YES;
				GCC_WARN_64_TO_32_BIT_CONVERSION = YES;
				GCC_WARN_ABOUT_RETURN_TYPE = YES_ERROR;
				GCC_WARN_UNDECLARED_SELECTOR = YES;
				GCC_WARN_UNINITIALIZED_AUTOS = YES_AGGRESSIVE;
				GCC_WARN_UNUSED_FUNCTION = YES;
				GCC_WARN_UNUSED_VARIABLE = YES;
				IPHONEOS_DEPLOYMENT_TARGET = 16.2;
				MTL_ENABLE_DEBUG_INFO = NO;
				MTL_FAST_MATH = YES;
				SDKROOT = iphoneos;
				SWIFT_COMPILATION_MODE = wholemodule;
				SWIFT_OPTIMIZATION_LEVEL = "-O";
				VALIDATE_PRODUCT = YES;
			};
			name = Release;
		};
		2701EC7D296EB3A400305633 /* Debug */ = {
			isa = XCBuildConfiguration;
			buildSettings = {
				ASSETCATALOG_COMPILER_APPICON_NAME = AppIcon;
				ASSETCATALOG_COMPILER_GLOBAL_ACCENT_COLOR_NAME = AccentColor;
				CODE_SIGN_STYLE = Automatic;
				CURRENT_PROJECT_VERSION = 1;
				DEVELOPMENT_TEAM = 7G9H9876US;
				GENERATE_INFOPLIST_FILE = YES;
				INFOPLIST_FILE = assignment_week4_cookingmadness/Info.plist;
				INFOPLIST_KEY_UIApplicationSupportsIndirectInputEvents = YES;
				INFOPLIST_KEY_UILaunchStoryboardName = LaunchScreen;
				INFOPLIST_KEY_UIMainStoryboardFile = Main;
				INFOPLIST_KEY_UISupportedInterfaceOrientations = "UIInterfaceOrientationLandscapeLeft UIInterfaceOrientationLandscapeRight";
				INFOPLIST_KEY_UISupportedInterfaceOrientations_iPad = "UIInterfaceOrientationLandscapeLeft UIInterfaceOrientationLandscapeRight UIInterfaceOrientationPortrait UIInterfaceOrientationPortraitUpsideDown";
				LD_RUNPATH_SEARCH_PATHS = (
					"$(inherited)",
					"@executable_path/Frameworks",
				);
				MARKETING_VERSION = 1.0;
				PRODUCT_BUNDLE_IDENTIFIER = "com.sina.assignment-week4-cookingmadness";
				PRODUCT_NAME = "$(TARGET_NAME)";
				SWIFT_EMIT_LOC_STRINGS = YES;
				SWIFT_VERSION = 5.0;
				TARGETED_DEVICE_FAMILY = "1,2";
			};
			name = Debug;
		};
		2701EC7E296EB3A400305633 /* Release */ = {
			isa = XCBuildConfiguration;
			buildSettings = {
				ASSETCATALOG_COMPILER_APPICON_NAME = AppIcon;
				ASSETCATALOG_COMPILER_GLOBAL_ACCENT_COLOR_NAME = AccentColor;
				CODE_SIGN_STYLE = Automatic;
				CURRENT_PROJECT_VERSION = 1;
				DEVELOPMENT_TEAM = 7G9H9876US;
				GENERATE_INFOPLIST_FILE = YES;
				INFOPLIST_FILE = assignment_week4_cookingmadness/Info.plist;
				INFOPLIST_KEY_UIApplicationSupportsIndirectInputEvents = YES;
				INFOPLIST_KEY_UILaunchStoryboardName = LaunchScreen;
				INFOPLIST_KEY_UIMainStoryboardFile = Main;
				INFOPLIST_KEY_UISupportedInterfaceOrientations = "UIInterfaceOrientationLandscapeLeft UIInterfaceOrientationLandscapeRight";
				INFOPLIST_KEY_UISupportedInterfaceOrientations_iPad = "UIInterfaceOrientationLandscapeLeft UIInterfaceOrientationLandscapeRight UIInterfaceOrientationPortrait UIInterfaceOrientationPortraitUpsideDown";
				LD_RUNPATH_SEARCH_PATHS = (
					"$(inherited)",
					"@executable_path/Frameworks",
				);
				MARKETING_VERSION = 1.0;
				PRODUCT_BUNDLE_IDENTIFIER = "com.sina.assignment-week4-cookingmadness";
				PRODUCT_NAME = "$(TARGET_NAME)";
				SWIFT_EMIT_LOC_STRINGS = YES;
				SWIFT_VERSION = 5.0;
				TARGETED_DEVICE_FAMILY = "1,2";
			};
			name = Release;
		};
		2701EC80296EB3A400305633 /* Debug */ = {
			isa = XCBuildConfiguration;
			buildSettings = {
				ALWAYS_EMBED_SWIFT_STANDARD_LIBRARIES = YES;
				BUNDLE_LOADER = "$(TEST_HOST)";
				CODE_SIGN_STYLE = Automatic;
				CURRENT_PROJECT_VERSION = 1;
				DEVELOPMENT_TEAM = 7G9H9876US;
				GENERATE_INFOPLIST_FILE = YES;
				IPHONEOS_DEPLOYMENT_TARGET = 16.2;
				MARKETING_VERSION = 1.0;
				PRODUCT_BUNDLE_IDENTIFIER = "com.sina.assignment-week4-cookingmadnessTests";
				PRODUCT_NAME = "$(TARGET_NAME)";
				SWIFT_EMIT_LOC_STRINGS = NO;
				SWIFT_VERSION = 5.0;
				TARGETED_DEVICE_FAMILY = "1,2";
				TEST_HOST = "$(BUILT_PRODUCTS_DIR)/assignment_week4_cookingmadness.app/$(BUNDLE_EXECUTABLE_FOLDER_PATH)/assignment_week4_cookingmadness";
			};
			name = Debug;
		};
		2701EC81296EB3A400305633 /* Release */ = {
			isa = XCBuildConfiguration;
			buildSettings = {
				ALWAYS_EMBED_SWIFT_STANDARD_LIBRARIES = YES;
				BUNDLE_LOADER = "$(TEST_HOST)";
				CODE_SIGN_STYLE = Automatic;
				CURRENT_PROJECT_VERSION = 1;
				DEVELOPMENT_TEAM = 7G9H9876US;
				GENERATE_INFOPLIST_FILE = YES;
				IPHONEOS_DEPLOYMENT_TARGET = 16.2;
				MARKETING_VERSION = 1.0;
				PRODUCT_BUNDLE_IDENTIFIER = "com.sina.assignment-week4-cookingmadnessTests";
				PRODUCT_NAME = "$(TARGET_NAME)";
				SWIFT_EMIT_LOC_STRINGS = NO;
				SWIFT_VERSION = 5.0;
				TARGETED_DEVICE_FAMILY = "1,2";
				TEST_HOST = "$(BUILT_PRODUCTS_DIR)/assignment_week4_cookingmadness.app/$(BUNDLE_EXECUTABLE_FOLDER_PATH)/assignment_week4_cookingmadness";
			};
			name = Release;
		};
		2701EC83296EB3A400305633 /* Debug */ = {
			isa = XCBuildConfiguration;
			buildSettings = {
				ALWAYS_EMBED_SWIFT_STANDARD_LIBRARIES = YES;
				CODE_SIGN_STYLE = Automatic;
				CURRENT_PROJECT_VERSION = 1;
				DEVELOPMENT_TEAM = 7G9H9876US;
				GENERATE_INFOPLIST_FILE = YES;
				MARKETING_VERSION = 1.0;
				PRODUCT_BUNDLE_IDENTIFIER = "com.sina.assignment-week4-cookingmadnessUITests";
				PRODUCT_NAME = "$(TARGET_NAME)";
				SWIFT_EMIT_LOC_STRINGS = NO;
				SWIFT_VERSION = 5.0;
				TARGETED_DEVICE_FAMILY = "1,2";
				TEST_TARGET_NAME = assignment_week4_cookingmadness;
			};
			name = Debug;
		};
		2701EC84296EB3A400305633 /* Release */ = {
			isa = XCBuildConfiguration;
			buildSettings = {
				ALWAYS_EMBED_SWIFT_STANDARD_LIBRARIES = YES;
				CODE_SIGN_STYLE = Automatic;
				CURRENT_PROJECT_VERSION = 1;
				DEVELOPMENT_TEAM = 7G9H9876US;
				GENERATE_INFOPLIST_FILE = YES;
				MARKETING_VERSION = 1.0;
				PRODUCT_BUNDLE_IDENTIFIER = "com.sina.assignment-week4-cookingmadnessUITests";
				PRODUCT_NAME = "$(TARGET_NAME)";
				SWIFT_EMIT_LOC_STRINGS = NO;
				SWIFT_VERSION = 5.0;
				TARGETED_DEVICE_FAMILY = "1,2";
				TEST_TARGET_NAME = assignment_week4_cookingmadness;
			};
			name = Release;
		};
/* End XCBuildConfiguration section */

/* Begin XCConfigurationList section */
		2701EC4D296EB3A300305633 /* Build configuration list for PBXProject "assignment_week4_cookingmadness" */ = {
			isa = XCConfigurationList;
			buildConfigurations = (
				2701EC7A296EB3A400305633 /* Debug */,
				2701EC7B296EB3A400305633 /* Release */,
			);
			defaultConfigurationIsVisible = 0;
			defaultConfigurationName = Release;
		};
		2701EC7C296EB3A400305633 /* Build configuration list for PBXNativeTarget "assignment_week4_cookingmadness" */ = {
			isa = XCConfigurationList;
			buildConfigurations = (
				2701EC7D296EB3A400305633 /* Debug */,
				2701EC7E296EB3A400305633 /* Release */,
			);
			defaultConfigurationIsVisible = 0;
			defaultConfigurationName = Release;
		};
		2701EC7F296EB3A400305633 /* Build configuration list for PBXNativeTarget "assignment_week4_cookingmadnessTests" */ = {
			isa = XCConfigurationList;
			buildConfigurations = (
				2701EC80296EB3A400305633 /* Debug */,
				2701EC81296EB3A400305633 /* Release */,
			);
			defaultConfigurationIsVisible = 0;
			defaultConfigurationName = Release;
		};
		2701EC82296EB3A400305633 /* Build configuration list for PBXNativeTarget "assignment_week4_cookingmadnessUITests" */ = {
			isa = XCConfigurationList;
			buildConfigurations = (
				2701EC83296EB3A400305633 /* Debug */,
				2701EC84296EB3A400305633 /* Release */,
			);
			defaultConfigurationIsVisible = 0;
			defaultConfigurationName = Release;
		};
/* End XCConfigurationList section */
	};
	rootObject = 2701EC4A296EB3A300305633 /* Project object */;
}
